
Microsoft Visual Studio Solution File, Format Version 12.00
# Visual Studio 14
VisualStudioVersion = 14.0.23107.0
MinimumVisualStudioVersion = 10.0.40219.1
Project("{FAE04EC0-301F-11D3-BF4B-00C04F79EFBC}") = "GitOperations.VS", "GitOperations.VS\GitOperations.VS.csproj", "{584F786C-099C-4CA6-9F88-010BBDD34D7E}"
EndProject
Project("{FAE04EC0-301F-11D3-BF4B-00C04F79EFBC}") = "TeamExplorer.Common", "TeamExplorer.Common\TeamExplorer.Common.csproj", "{8766DB88-019B-45F5-97EE-A365B2B11E6B}"
EndProject
Global
	GlobalSection(SolutionConfigurationPlatforms) = preSolution
		Debug|Any CPU = Debug|Any CPU
		Release|Any CPU = Release|Any CPU
	EndGlobalSection
	GlobalSection(ProjectConfigurationPlatforms) = postSolution
		{584F786C-099C-4CA6-9F88-010BBDD34D7E}.Debug|Any CPU.ActiveCfg = Debug|Any CPU
		{584F786C-099C-4CA6-9F88-010BBDD34D7E}.Debug|Any CPU.Build.0 = Debug|Any CPU
		{584F786C-099C-4CA6-9F88-010BBDD34D7E}.Release|Any CPU.ActiveCfg = Release|Any CPU
		{584F786C-099C-4CA6-9F88-010BBDD34D7E}.Release|Any CPU.Build.0 = Release|Any CPU
		{8766DB88-019B-45F5-97EE-A365B2B11E6B}.Debug|Any CPU.ActiveCfg = Debug|Any CPU
		{8766DB88-019B-45F5-97EE-A365B2B11E6B}.Debug|Any CPU.Build.0 = Debug|Any CPU
		{8766DB88-019B-45F5-97EE-A365B2B11E6B}.Release|Any CPU.ActiveCfg = Release|Any CPU
		{8766DB88-019B-45F5-97EE-A365B2B11E6B}.Release|Any CPU.Build.0 = Release|Any CPU
	EndGlobalSection
	GlobalSection(SolutionProperties) = preSolution
		HideSolutionNode = FALSE
	EndGlobalSection
EndGlobal
